{
<<<<<<< Updated upstream
  "name": "@turnoutt/capacitor-firebase-dynamic-links",
  "version": "0.2.3",
=======
  "name": "@fdagreat/capacitor-firebase-dynamic-links",
  "version": "1.0.0",
>>>>>>> Stashed changes
  "lockfileVersion": 1,
  "requires": true,
  "dependencies": {
    "@capacitor/android": {
<<<<<<< Updated upstream
      "version": "3.0.0",
      "resolved": "https://registry.npmjs.org/@capacitor/android/-/android-3.0.0.tgz",
      "integrity": "sha512-qyvI3LzfGvVnSK7Dw3dXXLSJjfj816EfWHiyGzV4Rg5r2XkvPa8IqjHT3lmyxwNJjGdHl3TTn9Q6YvM6XD70cQ==",
      "dev": true
    },
    "@capacitor/core": {
      "version": "3.0.0",
      "resolved": "https://registry.npmjs.org/@capacitor/core/-/core-3.0.0.tgz",
      "integrity": "sha512-JmKE6QEayo8MqWcApwMP5YFimpVb2mcIEHBwgP/P9nSAOxOcbdpJyd9HhBt5pzZAE1MBngPADWWwZLrdNSjCnA==",
=======
      "version": "4.0.1",
      "resolved": "https://registry.npmjs.org/@capacitor/android/-/android-4.0.1.tgz",
      "integrity": "sha512-JXToVdVYe4icOcPG8GOIiRoGSu3zQcZW965o2HUxWC0vQF3Xh0/ntbNL/J1Vf7HODyUkiRnozvzDzn6nWoVQEQ==",
      "dev": true
    },
    "@capacitor/core": {
      "version": "4.2.0",
      "resolved": "https://registry.npmjs.org/@capacitor/core/-/core-4.2.0.tgz",
      "integrity": "sha512-kHKn6693Yt9TWfuJ0Q+fyxYCpYAvVMKdu3t500seMEfdgNlF6BGaX5GbOnXkU4cnM9p+sIhRiwXv8Iqwm0E+NA==",
>>>>>>> Stashed changes
      "requires": {
        "tslib": "^2.1.0"
      }
    },
    "@capacitor/ios": {
<<<<<<< Updated upstream
      "version": "3.0.0",
      "resolved": "https://registry.npmjs.org/@capacitor/ios/-/ios-3.0.0.tgz",
      "integrity": "sha512-EvWW86hQqmoY0qFV1LJyZujlgfEgl4iEUJVhCv84mshMyS2bXZu5Ip4yuKtJBDsKmTWyA7rfcAnPMEnUfQ6bkw==",
=======
      "version": "4.0.1",
      "resolved": "https://registry.npmjs.org/@capacitor/ios/-/ios-4.0.1.tgz",
      "integrity": "sha512-46qigDiPKHXxihSSjXDIbuF8/1O9xWVgMzJpEFJhhhav+vHy6/SDc2liKLhmqCwH2OzZGxk+IlSGlkc4Oyorkw==",
      "dev": true
    },
    "@types/node": {
      "version": "14.18.0",
      "resolved": "https://registry.npmjs.org/@types/node/-/node-14.18.0.tgz",
      "integrity": "sha512-0GeIl2kmVMXEnx8tg1SlG6Gg8vkqirrW752KqolYo1PHevhhZN3bhJ67qHj+bQaINhX0Ra3TlWwRvMCd9iEfNQ==",
      "dev": true
    },
    "balanced-match": {
      "version": "1.0.2",
      "resolved": "https://registry.npmjs.org/balanced-match/-/balanced-match-1.0.2.tgz",
      "integrity": "sha512-3oSeUO0TMV67hN1AmbXsK4yaqU7tjiHlbxRDZOpH0KW9+CeX4bRAaX0Anxt0tx2MrpRpWwQaPwIlISEJhYU5Pw==",
      "dev": true
    },
    "brace-expansion": {
      "version": "1.1.11",
      "resolved": "https://registry.npmjs.org/brace-expansion/-/brace-expansion-1.1.11.tgz",
      "integrity": "sha512-iCuPHDFgrHX7H2vEI/5xpz07zSHB00TpugqhmYtVmMO6518mCuRMoOYFldEBl0g187ufozdaHgWKcYFb61qGiA==",
      "dev": true,
      "requires": {
        "balanced-match": "^1.0.0",
        "concat-map": "0.0.1"
      }
    },
    "colorette": {
      "version": "2.0.19",
      "resolved": "https://registry.npmjs.org/colorette/-/colorette-2.0.19.tgz",
      "integrity": "sha512-3tlv/dIP7FWvj3BsbHrGLJ6l/oKh1O3TcgBqMn+yyCagOxc23fyzDS6HypQbgxWbkpDnf52p1LuR4eWDQ/K9WQ==",
      "dev": true
    },
    "concat-map": {
      "version": "0.0.1",
      "resolved": "https://registry.npmjs.org/concat-map/-/concat-map-0.0.1.tgz",
      "integrity": "sha1-2Klr13/Wjfd5OnMDajug1UBdR3s=",
      "dev": true
    },
    "fs.realpath": {
      "version": "1.0.0",
      "resolved": "https://registry.npmjs.org/fs.realpath/-/fs.realpath-1.0.0.tgz",
      "integrity": "sha1-FQStJSMVjKpA20onh8sBQRmU6k8=",
      "dev": true
    },
    "github-slugger": {
      "version": "1.4.0",
      "resolved": "https://registry.npmjs.org/github-slugger/-/github-slugger-1.4.0.tgz",
      "integrity": "sha512-w0dzqw/nt51xMVmlaV1+JRzN+oCa1KfcgGEWhxUG16wbdA+Xnt/yoFO8Z8x/V82ZcZ0wy6ln9QDup5avbhiDhQ==",
      "dev": true
    },
    "glob": {
      "version": "7.1.7",
      "resolved": "https://registry.npmjs.org/glob/-/glob-7.1.7.tgz",
      "integrity": "sha512-OvD9ENzPLbegENnYP5UUfJIirTg4+XwMWGaQfQTY0JenxNvvIKP3U3/tAQSPIu/lHxXYSZmpXlUHeqAIdKzBLQ==",
      "dev": true,
      "requires": {
        "fs.realpath": "^1.0.0",
        "inflight": "^1.0.4",
        "inherits": "2",
        "minimatch": "^3.0.4",
        "once": "^1.3.0",
        "path-is-absolute": "^1.0.0"
      }
    },
    "inflight": {
      "version": "1.0.6",
      "resolved": "https://registry.npmjs.org/inflight/-/inflight-1.0.6.tgz",
      "integrity": "sha1-Sb1jMdfQLQwJvJEKEHW6gWW1bfk=",
      "dev": true,
      "requires": {
        "once": "^1.3.0",
        "wrappy": "1"
      }
    },
    "inherits": {
      "version": "2.0.4",
      "resolved": "https://registry.npmjs.org/inherits/-/inherits-2.0.4.tgz",
      "integrity": "sha512-k/vGaX4/Yla3WzyMCvTQOXYeIHvqOKtnqBduzTHpzpQZzAskKMhZ2K+EnBiSM9zGSoIFeMpXKxa4dYeZIQqewQ==",
      "dev": true
    },
    "minimatch": {
      "version": "3.0.4",
      "resolved": "https://registry.npmjs.org/minimatch/-/minimatch-3.0.4.tgz",
      "integrity": "sha512-yJHVQEhyqPLUTgt9B83PXu6W3rx4MvvHvSUvToogpwoGDOUQ+yDrR0HRot+yOCdCO7u4hX3pWft6kWBBcqh0UA==",
      "dev": true,
      "requires": {
        "brace-expansion": "^1.1.7"
      }
    },
    "minimist": {
      "version": "1.2.6",
      "resolved": "https://registry.npmjs.org/minimist/-/minimist-1.2.6.tgz",
      "integrity": "sha512-Jsjnk4bw3YJqYzbdyBiNsPWHPfO++UGG749Cxs6peCu5Xg4nrena6OVxOYxrQTqww0Jmwt+Ref8rggumkTLz9Q==",
>>>>>>> Stashed changes
      "dev": true
    },
    "tslib": {
<<<<<<< Updated upstream
      "version": "2.2.0",
      "resolved": "https://registry.npmjs.org/tslib/-/tslib-2.2.0.tgz",
      "integrity": "sha512-gS9GVHRU+RGn5KQM2rllAlR3dU6m7AcpJKdtH8gFvQiC4Otgk98XnmMU+nZenHt/+VhnBPWwgrJsyrdcw6i23w=="
=======
      "version": "2.4.0",
      "resolved": "https://registry.npmjs.org/tslib/-/tslib-2.4.0.tgz",
      "integrity": "sha512-d6xOpEDfsi2CZVlPQzGeux8XMwLT9hssAsaPYExaQMuYskwb+x1x7J371tWlbBdWHroy99KnVB6qIkUbs5X3UQ=="
>>>>>>> Stashed changes
    },
    "typescript": {
      "version": "4.2.4",
      "resolved": "https://registry.npmjs.org/typescript/-/typescript-4.2.4.tgz",
      "integrity": "sha512-V+evlYHZnQkaz8TRBuxTA92yZBPotr5H+WhQ7bD3hZUndx5tGOa1fuCgeSjxAzM1RiN5IzvadIXTVefuuwZCRg==",
      "dev": true
    }
  }
}
